// !$*UTF8*$!
{
	archiveVersion = 1;
	classes = {
	};
	objectVersion = 50;
	objects = {

/* Begin PBXBuildFile section */
		ED0BB27422DD19370015D580 /* PageCell.swift in Sources */ = {isa = PBXBuildFile; fileRef = ED0BB27322DD19370015D580 /* PageCell.swift */; };
		EDBF00BF22DB469800BFCC7A /* AppDelegate.swift in Sources */ = {isa = PBXBuildFile; fileRef = EDBF00BE22DB469800BFCC7A /* AppDelegate.swift */; };
		EDBF00C122DB469800BFCC7A /* ViewController.swift in Sources */ = {isa = PBXBuildFile; fileRef = EDBF00C022DB469800BFCC7A /* ViewController.swift */; };
		EDBF00C422DB469800BFCC7A /* Main.storyboard in Resources */ = {isa = PBXBuildFile; fileRef = EDBF00C222DB469800BFCC7A /* Main.storyboard */; };
		EDBF00C622DB469900BFCC7A /* Assets.xcassets in Resources */ = {isa = PBXBuildFile; fileRef = EDBF00C522DB469900BFCC7A /* Assets.xcassets */; };
		EDBF00C922DB469900BFCC7A /* LaunchScreen.storyboard in Resources */ = {isa = PBXBuildFile; fileRef = EDBF00C722DB469900BFCC7A /* LaunchScreen.storyboard */; };
		EDBF00D122DB6AC000BFCC7A /* Models.swift in Sources */ = {isa = PBXBuildFile; fileRef = EDBF00D022DB6AC000BFCC7A /* Models.swift */; };
		EDBF00D322DB7F0F00BFCC7A /* BookCell.swift in Sources */ = {isa = PBXBuildFile; fileRef = EDBF00D222DB7F0F00BFCC7A /* BookCell.swift */; };
		EDE3EDED22DC782E0076789D /* BookPagerController.swift in Sources */ = {isa = PBXBuildFile; fileRef = EDE3EDEC22DC782E0076789D /* BookPagerController.swift */; };
/* End PBXBuildFile section */

/* Begin PBXFileReference section */
		ED0BB27322DD19370015D580 /* PageCell.swift */ = {isa = PBXFileReference; lastKnownFileType = sourcecode.swift; path = PageCell.swift; sourceTree = "<group>"; };
		EDBF00BB22DB469800BFCC7A /* Kindle App.app */ = {isa = PBXFileReference; explicitFileType = wrapper.application; includeInIndex = 0; path = "Kindle App.app"; sourceTree = BUILT_PRODUCTS_DIR; };
		EDBF00BE22DB469800BFCC7A /* AppDelegate.swift */ = {isa = PBXFileReference; lastKnownFileType = sourcecode.swift; path = AppDelegate.swift; sourceTree = "<group>"; };
		EDBF00C022DB469800BFCC7A /* ViewController.swift */ = {isa = PBXFileReference; lastKnownFileType = sourcecode.swift; path = ViewController.swift; sourceTree = "<group>"; };
		EDBF00C322DB469800BFCC7A /* Base */ = {isa = PBXFileReference; lastKnownFileType = file.storyboard; name = Base; path = Base.lproj/Main.storyboard; sourceTree = "<group>"; };
		EDBF00C522DB469900BFCC7A /* Assets.xcassets */ = {isa = PBXFileReference; lastKnownFileType = folder.assetcatalog; path = Assets.xcassets; sourceTree = "<group>"; };
		EDBF00C822DB469900BFCC7A /* Base */ = {isa = PBXFileReference; lastKnownFileType = file.storyboard; name = Base; path = Base.lproj/LaunchScreen.storyboard; sourceTree = "<group>"; };
		EDBF00CA22DB469900BFCC7A /* Info.plist */ = {isa = PBXFileReference; lastKnownFileType = text.plist.xml; path = Info.plist; sourceTree = "<group>"; };
		EDBF00D022DB6AC000BFCC7A /* Models.swift */ = {isa = PBXFileReference; lastKnownFileType = sourcecode.swift; path = Models.swift; sourceTree = "<group>"; };
		EDBF00D222DB7F0F00BFCC7A /* BookCell.swift */ = {isa = PBXFileReference; lastKnownFileType = sourcecode.swift; path = BookCell.swift; sourceTree = "<group>"; };
		EDE3EDEC22DC782E0076789D /* BookPagerController.swift */ = {isa = PBXFileReference; lastKnownFileType = sourcecode.swift; path = BookPagerController.swift; sourceTree = "<group>"; };
/* End PBXFileReference section */

/* Begin PBXFrameworksBuildPhase section */
		EDBF00B822DB469800BFCC7A /* Frameworks */ = {
			isa = PBXFrameworksBuildPhase;
			buildActionMask = 2147483647;
			files = (
			);
			runOnlyForDeploymentPostprocessing = 0;
		};
/* End PBXFrameworksBuildPhase section */

/* Begin PBXGroup section */
		EDBF00B222DB469800BFCC7A = {
			isa = PBXGroup;
			children = (
				EDBF00BD22DB469800BFCC7A /* Kindle App */,
				EDBF00BC22DB469800BFCC7A /* Products */,
			);
			sourceTree = "<group>";
		};
		EDBF00BC22DB469800BFCC7A /* Products */ = {
			isa = PBXGroup;
			children = (
				EDBF00BB22DB469800BFCC7A /* Kindle App.app */,
			);
			name = Products;
			sourceTree = "<group>";
		};
		EDBF00BD22DB469800BFCC7A /* Kindle App */ = {
			isa = PBXGroup;
			children = (
				EDBF00BE22DB469800BFCC7A /* AppDelegate.swift */,
				EDBF00D022DB6AC000BFCC7A /* Models.swift */,
				EDBF00C022DB469800BFCC7A /* ViewController.swift */,
				EDE3EDEC22DC782E0076789D /* BookPagerController.swift */,
				EDBF00D222DB7F0F00BFCC7A /* BookCell.swift */,
				ED0BB27322DD19370015D580 /* PageCell.swift */,
				EDBF00C222DB469800BFCC7A /* Main.storyboard */,
				EDBF00C522DB469900BFCC7A /* Assets.xcassets */,
				EDBF00C722DB469900BFCC7A /* LaunchScreen.storyboard */,
				EDBF00CA22DB469900BFCC7A /* Info.plist */,
			);
			path = "Kindle App";
			sourceTree = "<group>";
		};
/* End PBXGroup section */

/* Begin PBXNativeTarget section */
		EDBF00BA22DB469800BFCC7A /* Kindle App */ = {
			isa = PBXNativeTarget;
			buildConfigurationList = EDBF00CD22DB469900BFCC7A /* Build configuration list for PBXNativeTarget "Kindle App" */;
			buildPhases = (
				EDBF00B722DB469800BFCC7A /* Sources */,
				EDBF00B822DB469800BFCC7A /* Frameworks */,
				EDBF00B922DB469800BFCC7A /* Resources */,
			);
			buildRules = (
			);
			dependencies = (
			);
			name = "Kindle App";
			productName = "Kindle App";
			productReference = EDBF00BB22DB469800BFCC7A /* Kindle App.app */;
			productType = "com.apple.product-type.application";
		};
/* End PBXNativeTarget section */

/* Begin PBXProject section */
		EDBF00B322DB469800BFCC7A /* Project object */ = {
			isa = PBXProject;
			attributes = {
				LastSwiftUpdateCheck = 1020;
				LastUpgradeCheck = 1020;
				ORGANIZATIONNAME = "Mohsen Abdollahi";
				TargetAttributes = {
					EDBF00BA22DB469800BFCC7A = {
						CreatedOnToolsVersion = 10.2.1;
					};
				};
			};
			buildConfigurationList = EDBF00B622DB469800BFCC7A /* Build configuration list for PBXProject "Kindle App" */;
			compatibilityVersion = "Xcode 9.3";
			developmentRegion = en;
			hasScannedForEncodings = 0;
			knownRegions = (
				en,
				Base,
			);
			mainGroup = EDBF00B222DB469800BFCC7A;
			productRefGroup = EDBF00BC22DB469800BFCC7A /* Products */;
			projectDirPath = "";
			projectRoot = "";
			targets = (
				EDBF00BA22DB469800BFCC7A /* Kindle App */,
			);
		};
/* End PBXProject section */

/* Begin PBXResourcesBuildPhase section */
		EDBF00B922DB469800BFCC7A /* Resources */ = {
			isa = PBXResourcesBuildPhase;
			buildActionMask = 2147483647;
			files = (
				EDBF00C922DB469900BFCC7A /* LaunchScreen.storyboard in Resources */,
				EDBF00C622DB469900BFCC7A /* Assets.xcassets in Resources */,
				EDBF00C422DB469800BFCC7A /* Main.storyboard in Resources */,
			);
			runOnlyForDeploymentPostprocessing = 0;
		};
/* End PBXResourcesBuildPhase section */

/* Begin PBXSourcesBuildPhase section */
		EDBF00B722DB469800BFCC7A /* Sources */ = {
			isa = PBXSourcesBuildPhase;
			buildActionMask = 2147483647;
			files = (
				EDBF00D322DB7F0F00BFCC7A /* BookCell.swift in Sources */,
				EDE3EDED22DC782E0076789D /* BookPagerController.swift in Sources */,
				ED0BB27422DD19370015D580 /* PageCell.swift in Sources */,
				EDBF00D122DB6AC000BFCC7A /* Models.swift in Sources */,
				EDBF00C122DB469800BFCC7A /* ViewController.swift in Sources */,
				EDBF00BF22DB469800BFCC7A /* AppDelegate.swift in Sources */,
			);
			runOnlyForDeploymentPostprocessing = 0;
		};
/* End PBXSourcesBuildPhase section */

/* Begin PBXVariantGroup section */
		EDBF00C222DB469800BFCC7A /* Main.storyboard */ = {
			isa = PBXVariantGroup;
			children = (
				EDBF00C322DB469800BFCC7A /* Base */,
			);
			name = Main.storyboard;
			sourceTree = "<group>";
		};
		EDBF00C722DB469900BFCC7A /* LaunchScreen.storyboard */ = {
			isa = PBXVariantGroup;
			children = (
				EDBF00C822DB469900BFCC7A /* Base */,
			);
			name = LaunchScreen.storyboard;
			sourceTree = "<group>";
		};
/* End PBXVariantGroup section */

/* Begin XCBuildConfiguration section */
		EDBF00CB22DB469900BFCC7A /* Debug */ = {
			isa = XCBuildConfiguration;
			buildSettings = {
				ALWAYS_SEARCH_USER_PATHS = NO;
				CLANG_ANALYZER_NONNULL = YES;
				CLANG_ANALYZER_NUMBER_OBJECT_CONVERSION = YES_AGGRESSIVE;
				CLANG_CXX_LANGUAGE_STANDARD = "gnu++14";
				CLANG_CXX_LIBRARY = "libc++";
				CLANG_ENABLE_MODULES = YES;
				CLANG_ENABLE_OBJC_ARC = YES;
				CLANG_ENABLE_OBJC_WEAK = YES;
				CLANG_WARN_BLOCK_CAPTURE_AUTORELEASING = YES;
				CLANG_WARN_BOOL_CONVERSION = YES;
				CLANG_WARN_COMMA = YES;
				CLANG_WARN_CONSTANT_CONVERSION = YES;
				CLANG_WARN_DEPRECATED_OBJC_IMPLEMENTATIONS = YES;
				CLANG_WARN_DIRECT_OBJC_ISA_USAGE = YES_ERROR;
				CLANG_WARN_DOCUMENTATION_COMMENTS = YES;
				CLANG_WARN_EMPTY_BODY = YES;
				CLANG_WARN_ENUM_CONVERSION = YES;
				CLANG_WARN_INFINITE_RECURSION = YES;
				CLANG_WARN_INT_CONVERSION = YES;
				CLANG_WARN_NON_LITERAL_NULL_CONVERSION = YES;
				CLANG_WARN_OBJC_IMPLICIT_RETAIN_SELF = YES;
				CLANG_WARN_OBJC_LITERAL_CONVERSION = YES;
				CLANG_WARN_OBJC_ROOT_CLASS = YES_ERROR;
				CLANG_WARN_RANGE_LOOP_ANALYSIS = YES;
				CLANG_WARN_STRICT_PROTOTYPES = YES;
				CLANG_WARN_SUSPICIOUS_MOVE = YES;
				CLANG_WARN_UNGUARDED_AVAILABILITY = YES_AGGRESSIVE;
				CLANG_WARN_UNREACHABLE_CODE = YES;
				CLANG_WARN__DUPLICATE_METHOD_MATCH = YES;
				CODE_SIGN_IDENTITY = "iPhone Developer";
				COPY_PHASE_STRIP = NO;
				DEBUG_INFORMATION_FORMAT = dwarf;
				ENABLE_STRICT_OBJC_MSGSEND = YES;
				ENABLE_TESTABILITY = YES;
				GCC_C_LANGUAGE_STANDARD = gnu11;
				GCC_DYNAMIC_NO_PIC = NO;
				GCC_NO_COMMON_BLOCKS = YES;
				GCC_OPTIMIZATION_LEVEL = 0;
				GCC_PREPROCESSOR_DEFINITIONS = (
					"DEBUG=1",
					"$(inherited)",
				);
				GCC_WARN_64_TO_32_BIT_CONVERSION = YES;
				GCC_WARN_ABOUT_RETURN_TYPE = YES_ERROR;
				GCC_WARN_UNDECLARED_SELECTOR = YES;
				GCC_WARN_UNINITIALIZED_AUTOS = YES_AGGRESSIVE;
				GCC_WARN_UNUSED_FUNCTION = YES;
				GCC_WARN_UNUSED_VARIABLE = YES;
				IPHONEOS_DEPLOYMENT_TARGET = 12.2;
				MTL_ENABLE_DEBUG_INFO = INCLUDE_SOURCE;
				MTL_FAST_MATH = YES;
				ONLY_ACTIVE_ARCH = YES;
				SDKROOT = iphoneos;
				SWIFT_ACTIVE_COMPILATION_CONDITIONS = DEBUG;
				SWIFT_OPTIMIZATION_LEVEL = "-Onone";
			};
			name = Debug;
		};
		EDBF00CC22DB469900BFCC7A /* Release */ = {
			isa = XCBuildConfiguration;
			buildSettings = {
				ALWAYS_SEARCH_USER_PATHS = NO;
				CLANG_ANALYZER_NONNULL = YES;
				CLANG_ANALYZER_NUMBER_OBJECT_CONVERSION = YES_AGGRESSIVE;
				CLANG_CXX_LANGUAGE_STANDARD = "gnu++14";
				CLANG_CXX_LIBRARY = "libc++";
				CLANG_ENABLE_MODULES = YES;
				CLANG_ENABLE_OBJC_ARC = YES;
				CLANG_ENABLE_OBJC_WEAK = YES;
				CLANG_WARN_BLOCK_CAPTURE_AUTORELEASING = YES;
				CLANG_WARN_BOOL_CONVERSION = YES;
				CLANG_WARN_COMMA = YES;
				CLANG_WARN_CONSTANT_CONVERSION = YES;
				CLANG_WARN_DEPRECATED_OBJC_IMPLEMENTATIONS = YES;
				CLANG_WARN_DIRECT_OBJC_ISA_USAGE = YES_ERROR;
				CLANG_WARN_DOCUMENTATION_COMMENTS = YES;
				CLANG_WARN_EMPTY_BODY = YES;
				CLANG_WARN_ENUM_CONVERSION = YES;
				CLANG_WARN_INFINITE_RECURSION = YES;
				CLANG_WARN_INT_CONVERSION = YES;
				CLANG_WARN_NON_LITERAL_NULL_CONVERSION = YES;
				CLANG_WARN_OBJC_IMPLICIT_RETAIN_SELF = YES;
				CLANG_WARN_OBJC_LITERAL_CONVERSION = YES;
				CLANG_WARN_OBJC_ROOT_CLASS = YES_ERROR;
				CLANG_WARN_RANGE_LOOP_ANALYSIS = YES;
				CLANG_WARN_STRICT_PROTOTYPES = YES;
				CLANG_WARN_SUSPICIOUS_MOVE = YES;
				CLANG_WARN_UNGUARDED_AVAILABILITY = YES_AGGRESSIVE;
				CLANG_WARN_UNREACHABLE_CODE = YES;
				CLANG_WARN__DUPLICATE_METHOD_MATCH = YES;
				CODE_SIGN_IDENTITY = "iPhone Developer";
				COPY_PHASE_STRIP = NO;
				DEBUG_INFORMATION_FORMAT = "dwarf-with-dsym";
				ENABLE_NS_ASSERTIONS = NO;
				ENABLE_STRICT_OBJC_MSGSEND = YES;
				GCC_C_LANGUAGE_STANDARD = gnu11;
				GCC_NO_COMMON_BLOCKS = YES;
				GCC_WARN_64_TO_32_BIT_CONVERSION = YES;
				GCC_WARN_ABOUT_RETURN_TYPE = YES_ERROR;
				GCC_WARN_UNDECLARED_SELECTOR = YES;
				GCC_WARN_UNINITIALIZED_AUTOS = YES_AGGRESSIVE;
				GCC_WARN_UNUSED_FUNCTION = YES;
				GCC_WARN_UNUSED_VARIABLE = YES;
				IPHONEOS_DEPLOYMENT_TARGET = 12.2;
				MTL_ENABLE_DEBUG_INFO = NO;
				MTL_FAST_MATH = YES;
				SDKROOT = iphoneos;
				SWIFT_COMPILATION_MODE = wholemodule;
				SWIFT_OPTIMIZATION_LEVEL = "-O";
				VALIDATE_PRODUCT = YES;
			};
			name = Release;
		};
		EDBF00CE22DB469900BFCC7A /* Debug */ = {
			isa = XCBuildConfiguration;
			buildSettings = {
				ASSETCATALOG_COMPILER_APPICON_NAME = AppIcon;
				CODE_SIGN_STYLE = Automatic;
				INFOPLIST_FILE = "Kindle App/Info.plist";
				LD_RUNPATH_SEARCH_PATHS = (
					"$(inherited)",
					"@executable_path/Frameworks",
				);
				PRODUCT_BUNDLE_IDENTIFIER = "com.Mohsen.Kindle-App";
				PRODUCT_NAME = "$(TARGET_NAME)";
				SWIFT_VERSION = 5.0;
				TARGETED_DEVICE_FAMILY = "1,2";
			};
			name = Debug;
		};
		EDBF00CF22DB469900BFCC7A /* Release */ = {
			isa = XCBuildConfiguration;
			buildSettings = {
				ASSETCATALOG_COMPILER_APPICON_NAME = AppIcon;
				CODE_SIGN_STYLE = Automatic;
				INFOPLIST_FILE = "Kindle App/Info.plist";
				LD_RUNPATH_SEARCH_PATHS = (
					"$(inherited)",
					"@executable_path/Frameworks",
				);
				PRODUCT_BUNDLE_IDENTIFIER = "com.Mohsen.Kindle-App";
				PRODUCT_NAME = "$(TARGET_NAME)";
				SWIFT_VERSION = 5.0;
				TARGETED_DEVICE_FAMILY = "1,2";
			};
			name = Release;
		};
/* End XCBuildConfiguration section */

/* Begin XCConfigurationList section */
		EDBF00B622DB469800BFCC7A /* Build configuration list for PBXProject "Kindle App" */ = {
			isa = XCConfigurationList;
			buildConfigurations = (
				EDBF00CB22DB469900BFCC7A /* Debug */,
				EDBF00CC22DB469900BFCC7A /* Release */,
			);
			defaultConfigurationIsVisible = 0;
			defaultConfigurationName = Release;
		};
		EDBF00CD22DB469900BFCC7A /* Build configuration list for PBXNativeTarget "Kindle App" */ = {
			isa = XCConfigurationList;
			buildConfigurations = (
				EDBF00CE22DB469900BFCC7A /* Debug */,
				EDBF00CF22DB469900BFCC7A /* Release */,
			);
			defaultConfigurationIsVisible = 0;
			defaultConfigurationName = Release;
		};
/* End XCConfigurationList section */
	};
	rootObject = EDBF00B322DB469800BFCC7A /* Project object */;
}
